<Solution>
  <Folder Name="/.github/">
    <File Path=".github/renovate.json" />
  </Folder>
  <Folder Name="/.github/workflows/">
    <File Path=".github/workflows/build-and-test.yml" />
    <File Path=".github/workflows/codeql.yml" />
    <File Path=".github/workflows/publish-package.yml" />
    <File Path=".github/workflows/website.yml" />
  </Folder>
  <Folder Name="/src/">
    <Project Path="src/Soenneker.Librarian.R2/Soenneker.Librarian.R2.csproj" />
    <Project Path="src/Soenneker.Librarian.D1/Soenneker.Librarian.D1.csproj" />
    <Project Path="src/Soenneker.Librarian.Abstractions/Soenneker.Librarian.Abstractions.csproj" />
    <Project Path="src/Soenneker.Librarian.Core/Soenneker.Librarian.Core.csproj" />
    <Project Path="src/Soenneker.Librarian.FileSystem/Soenneker.Librarian.FileSystem.csproj" />
    <Project Path="src/Soenneker.Librarian.Memory/Soenneker.Librarian.Memory.csproj" />
    <Project Path="src/Soenneker.Librarian.Postgres/Soenneker.Librarian.Postgres.csproj" />
    <Project Path="src/Soenneker.Librarian.Redis/Soenneker.Librarian.Redis.csproj" />
    <Project Path="src/Soenneker.Librarian.Website/Soenneker.Librarian.Website.csproj" />
  </Folder>
  <Folder Name="/test/">
    <Project Path="test/Soenneker.Librarian.NativeAot.Smoke/Soenneker.Librarian.NativeAot.Smoke.csproj" />
    <Project Path="test/Soenneker.Librarian.Suite.Tests/Soenneker.Librarian.Suite.Tests.csproj" />
  </Folder>
</Solution>
